
Microsoft Visual Studio Solution File, Format Version 12.00
# Visual Studio Version 17
VisualStudioVersion = 17.0.31903.59
MinimumVisualStudioVersion = 10.0.40219.1
Project("{FAE04EC0-301F-11D3-BF4B-00C04F79EFBC}") = "WebAPI", "WebAPI.csproj", "{9D797916-C74D-4463-B909-78757A855D98}"
EndProject
Project("{FAE04EC0-301F-11D3-BF4B-00C04F79EFBC}") = "Service", "Service\Service.csproj", "{0DC03D31-515E-497C-B6DF-BD61A6F91036}"
EndProject
Project("{FAE04EC0-301F-11D3-BF4B-00C04F79EFBC}") = "Model", "Model\Model.csproj", "{B3BC61C3-8661-4231-8868-AD0D21B0BCB8}"
EndProject
Project("{FAE04EC0-301F-11D3-BF4B-00C04F79EFBC}") = "Repository", "Repository\Repository.csproj", "{26AFB284-C30F-40D9-BA7F-E551950154C2}"
EndProject
Global
	GlobalSection(SolutionConfigurationPlatforms) = preSolution
		Debug|Any CPU = Debug|Any CPU
		Release|Any CPU = Release|Any CPU
	EndGlobalSection
	GlobalSection(SolutionProperties) = preSolution
		HideSolutionNode = FALSE
	EndGlobalSection
	GlobalSection(ProjectConfigurationPlatforms) = postSolution
		{9D797916-C74D-4463-B909-78757A855D98}.Debug|Any CPU.ActiveCfg = Debug|Any CPU
		{9D797916-C74D-4463-B909-78757A855D98}.Debug|Any CPU.Build.0 = Debug|Any CPU
		{9D797916-C74D-4463-B909-78757A855D98}.Release|Any CPU.ActiveCfg = Release|Any CPU
		{9D797916-C74D-4463-B909-78757A855D98}.Release|Any CPU.Build.0 = Release|Any CPU
		{0DC03D31-515E-497C-B6DF-BD61A6F91036}.Debug|Any CPU.ActiveCfg = Debug|Any CPU
		{0DC03D31-515E-497C-B6DF-BD61A6F91036}.Debug|Any CPU.Build.0 = Debug|Any CPU
		{0DC03D31-515E-497C-B6DF-BD61A6F91036}.Release|Any CPU.ActiveCfg = Release|Any CPU
		{0DC03D31-515E-497C-B6DF-BD61A6F91036}.Release|Any CPU.Build.0 = Release|Any CPU
		{B3BC61C3-8661-4231-8868-AD0D21B0BCB8}.Debug|Any CPU.ActiveCfg = Debug|Any CPU
		{B3BC61C3-8661-4231-8868-AD0D21B0BCB8}.Debug|Any CPU.Build.0 = Debug|Any CPU
		{B3BC61C3-8661-4231-8868-AD0D21B0BCB8}.Release|Any CPU.ActiveCfg = Release|Any CPU
		{B3BC61C3-8661-4231-8868-AD0D21B0BCB8}.Release|Any CPU.Build.0 = Release|Any CPU
		{26AFB284-C30F-40D9-BA7F-E551950154C2}.Debug|Any CPU.ActiveCfg = Debug|Any CPU
		{26AFB284-C30F-40D9-BA7F-E551950154C2}.Debug|Any CPU.Build.0 = Debug|Any CPU
		{26AFB284-C30F-40D9-BA7F-E551950154C2}.Release|Any CPU.ActiveCfg = Release|Any CPU
		{26AFB284-C30F-40D9-BA7F-E551950154C2}.Release|Any CPU.Build.0 = Release|Any CPU
	EndGlobalSection
EndGlobal
